// !$*UTF8*$!
{
	archiveVersion = 1;
	classes = {
	};
	objectVersion = 46;
	objects = {

/* Begin PBXBuildFile section */
		B545AB681BE561810035C3E4 /* MainMenuViewController.m in Sources */ = {isa = PBXBuildFile; fileRef = B545AB671BE561810035C3E4 /* MainMenuViewController.m */; settings = {ASSET_TAGS = (); }; };
		B5B6F1BB1B58C53200799806 /* WhiskeyViewController.m in Sources */ = {isa = PBXBuildFile; fileRef = B5B6F1BA1B58C53200799806 /* WhiskeyViewController.m */; };
		B5C8E61C1B5625A8006D7F18 /* main.m in Sources */ = {isa = PBXBuildFile; fileRef = B5C8E61B1B5625A8006D7F18 /* main.m */; };
		B5C8E61F1B5625A8006D7F18 /* AppDelegate.m in Sources */ = {isa = PBXBuildFile; fileRef = B5C8E61E1B5625A8006D7F18 /* AppDelegate.m */; };
		B5C8E6221B5625A8006D7F18 /* ViewController.m in Sources */ = {isa = PBXBuildFile; fileRef = B5C8E6211B5625A8006D7F18 /* ViewController.m */; };
		B5C8E6251B5625A8006D7F18 /* Main.storyboard in Resources */ = {isa = PBXBuildFile; fileRef = B5C8E6231B5625A8006D7F18 /* Main.storyboard */; };
		B5C8E6271B5625A8006D7F18 /* Images.xcassets in Resources */ = {isa = PBXBuildFile; fileRef = B5C8E6261B5625A8006D7F18 /* Images.xcassets */; };
		B5C8E62A1B5625A8006D7F18 /* LaunchScreen.xib in Resources */ = {isa = PBXBuildFile; fileRef = B5C8E6281B5625A8006D7F18 /* LaunchScreen.xib */; };
		B5C8E6361B5625A8006D7F18 /* AlcolatorTests.m in Sources */ = {isa = PBXBuildFile; fileRef = B5C8E6351B5625A8006D7F18 /* AlcolatorTests.m */; };
/* End PBXBuildFile section */

/* Begin PBXContainerItemProxy section */
		B5C8E6301B5625A8006D7F18 /* PBXContainerItemProxy */ = {
			isa = PBXContainerItemProxy;
			containerPortal = B5C8E60E1B5625A8006D7F18 /* Project object */;
			proxyType = 1;
			remoteGlobalIDString = B5C8E6151B5625A8006D7F18;
			remoteInfo = Alcolator;
		};
/* End PBXContainerItemProxy section */

/* Begin PBXFileReference section */
		B545AB661BE561810035C3E4 /* MainMenuViewController.h */ = {isa = PBXFileReference; fileEncoding = 4; lastKnownFileType = sourcecode.c.h; path = MainMenuViewController.h; sourceTree = "<group>"; };
		B545AB671BE561810035C3E4 /* MainMenuViewController.m */ = {isa = PBXFileReference; fileEncoding = 4; lastKnownFileType = sourcecode.c.objc; path = MainMenuViewController.m; sourceTree = "<group>"; };
		B5B6F1B91B58C53200799806 /* WhiskeyViewController.h */ = {isa = PBXFileReference; fileEncoding = 4; lastKnownFileType = sourcecode.c.h; path = WhiskeyViewController.h; sourceTree = "<group>"; };
		B5B6F1BA1B58C53200799806 /* WhiskeyViewController.m */ = {isa = PBXFileReference; fileEncoding = 4; lastKnownFileType = sourcecode.c.objc; path = WhiskeyViewController.m; sourceTree = "<group>"; };
		B5C8E6161B5625A8006D7F18 /* Alcolator.app */ = {isa = PBXFileReference; explicitFileType = wrapper.application; includeInIndex = 0; path = Alcolator.app; sourceTree = BUILT_PRODUCTS_DIR; };
		B5C8E61A1B5625A8006D7F18 /* Info.plist */ = {isa = PBXFileReference; lastKnownFileType = text.plist.xml; path = Info.plist; sourceTree = "<group>"; };
		B5C8E61B1B5625A8006D7F18 /* main.m */ = {isa = PBXFileReference; lastKnownFileType = sourcecode.c.objc; path = main.m; sourceTree = "<group>"; };
		B5C8E61D1B5625A8006D7F18 /* AppDelegate.h */ = {isa = PBXFileReference; lastKnownFileType = sourcecode.c.h; path = AppDelegate.h; sourceTree = "<group>"; };
		B5C8E61E1B5625A8006D7F18 /* AppDelegate.m */ = {isa = PBXFileReference; lastKnownFileType = sourcecode.c.objc; path = AppDelegate.m; sourceTree = "<group>"; };
		B5C8E6201B5625A8006D7F18 /* ViewController.h */ = {isa = PBXFileReference; lastKnownFileType = sourcecode.c.h; path = ViewController.h; sourceTree = "<group>"; };
		B5C8E6211B5625A8006D7F18 /* ViewController.m */ = {isa = PBXFileReference; lastKnownFileType = sourcecode.c.objc; path = ViewController.m; sourceTree = "<group>"; };
		B5C8E6241B5625A8006D7F18 /* Base */ = {isa = PBXFileReference; lastKnownFileType = file.storyboard; name = Base; path = Base.lproj/Main.storyboard; sourceTree = "<group>"; };
		B5C8E6261B5625A8006D7F18 /* Images.xcassets */ = {isa = PBXFileReference; lastKnownFileType = folder.assetcatalog; path = Images.xcassets; sourceTree = "<group>"; };
		B5C8E6291B5625A8006D7F18 /* Base */ = {isa = PBXFileReference; lastKnownFileType = file.xib; name = Base; path = Base.lproj/LaunchScreen.xib; sourceTree = "<group>"; };
		B5C8E62F1B5625A8006D7F18 /* AlcolatorTests.xctest */ = {isa = PBXFileReference; explicitFileType = wrapper.cfbundle; includeInIndex = 0; path = AlcolatorTests.xctest; sourceTree = BUILT_PRODUCTS_DIR; };
		B5C8E6341B5625A8006D7F18 /* Info.plist */ = {isa = PBXFileReference; lastKnownFileType = text.plist.xml; path = Info.plist; sourceTree = "<group>"; };
		B5C8E6351B5625A8006D7F18 /* AlcolatorTests.m */ = {isa = PBXFileReference; lastKnownFileType = sourcecode.c.objc; path = AlcolatorTests.m; sourceTree = "<group>"; };
/* End PBXFileReference section */

/* Begin PBXFrameworksBuildPhase section */
		B5C8E6131B5625A8006D7F18 /* Frameworks */ = {
			isa = PBXFrameworksBuildPhase;
			buildActionMask = 2147483647;
			files = (
			);
			runOnlyForDeploymentPostprocessing = 0;
		};
		B5C8E62C1B5625A8006D7F18 /* Frameworks */ = {
			isa = PBXFrameworksBuildPhase;
			buildActionMask = 2147483647;
			files = (
			);
			runOnlyForDeploymentPostprocessing = 0;
		};
/* End PBXFrameworksBuildPhase section */

/* Begin PBXGroup section */
		B5C8E60D1B5625A8006D7F18 = {
			isa = PBXGroup;
			children = (
				B5C8E6181B5625A8006D7F18 /* Alcolator */,
				B5C8E6321B5625A8006D7F18 /* AlcolatorTests */,
				B5C8E6171B5625A8006D7F18 /* Products */,
			);
			sourceTree = "<group>";
		};
		B5C8E6171B5625A8006D7F18 /* Products */ = {
			isa = PBXGroup;
			children = (
				B5C8E6161B5625A8006D7F18 /* Alcolator.app */,
				B5C8E62F1B5625A8006D7F18 /* AlcolatorTests.xctest */,
			);
			name = Products;
			sourceTree = "<group>";
		};
		B5C8E6181B5625A8006D7F18 /* Alcolator */ = {
			isa = PBXGroup;
			children = (
				B5C8E61D1B5625A8006D7F18 /* AppDelegate.h */,
				B5C8E61E1B5625A8006D7F18 /* AppDelegate.m */,
				B5C8E6201B5625A8006D7F18 /* ViewController.h */,
				B5C8E6211B5625A8006D7F18 /* ViewController.m */,
				B5B6F1B91B58C53200799806 /* WhiskeyViewController.h */,
				B5B6F1BA1B58C53200799806 /* WhiskeyViewController.m */,
				B545AB661BE561810035C3E4 /* MainMenuViewController.h */,
				B545AB671BE561810035C3E4 /* MainMenuViewController.m */,
				B5C8E6231B5625A8006D7F18 /* Main.storyboard */,
				B5C8E6261B5625A8006D7F18 /* Images.xcassets */,
				B5C8E6281B5625A8006D7F18 /* LaunchScreen.xib */,
				B5C8E6191B5625A8006D7F18 /* Supporting Files */,
			);
			path = Alcolator;
			sourceTree = "<group>";
		};
		B5C8E6191B5625A8006D7F18 /* Supporting Files */ = {
			isa = PBXGroup;
			children = (
				B5C8E61A1B5625A8006D7F18 /* Info.plist */,
				B5C8E61B1B5625A8006D7F18 /* main.m */,
			);
			name = "Supporting Files";
			sourceTree = "<group>";
		};
		B5C8E6321B5625A8006D7F18 /* AlcolatorTests */ = {
			isa = PBXGroup;
			children = (
				B5C8E6351B5625A8006D7F18 /* AlcolatorTests.m */,
				B5C8E6331B5625A8006D7F18 /* Supporting Files */,
			);
			path = AlcolatorTests;
			sourceTree = "<group>";
		};
		B5C8E6331B5625A8006D7F18 /* Supporting Files */ = {
			isa = PBXGroup;
			children = (
				B5C8E6341B5625A8006D7F18 /* Info.plist */,
			);
			name = "Supporting Files";
			sourceTree = "<group>";
		};
/* End PBXGroup section */

/* Begin PBXNativeTarget section */
		B5C8E6151B5625A8006D7F18 /* Alcolator */ = {
			isa = PBXNativeTarget;
			buildConfigurationList = B5C8E6391B5625A8006D7F18 /* Build configuration list for PBXNativeTarget "Alcolator" */;
			buildPhases = (
				B5C8E6121B5625A8006D7F18 /* Sources */,
				B5C8E6131B5625A8006D7F18 /* Frameworks */,
				B5C8E6141B5625A8006D7F18 /* Resources */,
			);
			buildRules = (
			);
			dependencies = (
			);
			name = Alcolator;
			productName = Alcolator;
			productReference = B5C8E6161B5625A8006D7F18 /* Alcolator.app */;
			productType = "com.apple.product-type.application";
		};
		B5C8E62E1B5625A8006D7F18 /* AlcolatorTests */ = {
			isa = PBXNativeTarget;
			buildConfigurationList = B5C8E63C1B5625A8006D7F18 /* Build configuration list for PBXNativeTarget "AlcolatorTests" */;
			buildPhases = (
				B5C8E62B1B5625A8006D7F18 /* Sources */,
				B5C8E62C1B5625A8006D7F18 /* Frameworks */,
				B5C8E62D1B5625A8006D7F18 /* Resources */,
			);
			buildRules = (
			);
			dependencies = (
				B5C8E6311B5625A8006D7F18 /* PBXTargetDependency */,
			);
			name = AlcolatorTests;
			productName = AlcolatorTests;
			productReference = B5C8E62F1B5625A8006D7F18 /* AlcolatorTests.xctest */;
			productType = "com.apple.product-type.bundle.unit-test";
		};
/* End PBXNativeTarget section */

/* Begin PBXProject section */
		B5C8E60E1B5625A8006D7F18 /* Project object */ = {
			isa = PBXProject;
			attributes = {
				LastUpgradeCheck = 0700;
				ORGANIZATIONNAME = "Ben Simmons";
				TargetAttributes = {
					B5C8E6151B5625A8006D7F18 = {
						CreatedOnToolsVersion = 6.4;
					};
					B5C8E62E1B5625A8006D7F18 = {
						CreatedOnToolsVersion = 6.4;
						TestTargetID = B5C8E6151B5625A8006D7F18;
					};
				};
			};
			buildConfigurationList = B5C8E6111B5625A8006D7F18 /* Build configuration list for PBXProject "Alcolator" */;
			compatibilityVersion = "Xcode 3.2";
			developmentRegion = English;
			hasScannedForEncodings = 0;
			knownRegions = (
				en,
				Base,
			);
			mainGroup = B5C8E60D1B5625A8006D7F18;
			productRefGroup = B5C8E6171B5625A8006D7F18 /* Products */;
			projectDirPath = "";
			projectRoot = "";
			targets = (
				B5C8E6151B5625A8006D7F18 /* Alcolator */,
				B5C8E62E1B5625A8006D7F18 /* AlcolatorTests */,
			);
		};
/* End PBXProject section */

/* Begin PBXResourcesBuildPhase section */
		B5C8E6141B5625A8006D7F18 /* Resources */ = {
			isa = PBXResourcesBuildPhase;
			buildActionMask = 2147483647;
			files = (
				B5C8E6251B5625A8006D7F18 /* Main.storyboard in Resources */,
				B5C8E62A1B5625A8006D7F18 /* LaunchScreen.xib in Resources */,
				B5C8E6271B5625A8006D7F18 /* Images.xcassets in Resources */,
			);
			runOnlyForDeploymentPostprocessing = 0;
		};
		B5C8E62D1B5625A8006D7F18 /* Resources */ = {
			isa = PBXResourcesBuildPhase;
			buildActionMask = 2147483647;
			files = (
			);
			runOnlyForDeploymentPostprocessing = 0;
		};
/* End PBXResourcesBuildPhase section */

/* Begin PBXSourcesBuildPhase section */
		B5C8E6121B5625A8006D7F18 /* Sources */ = {
			isa = PBXSourcesBuildPhase;
			buildActionMask = 2147483647;
			files = (
				B5C8E6221B5625A8006D7F18 /* ViewController.m in Sources */,
				B5B6F1BB1B58C53200799806 /* WhiskeyViewController.m in Sources */,
				B5C8E61F1B5625A8006D7F18 /* AppDelegate.m in Sources */,
				B5C8E61C1B5625A8006D7F18 /* main.m in Sources */,
				B545AB681BE561810035C3E4 /* MainMenuViewController.m in Sources */,
			);
			runOnlyForDeploymentPostprocessing = 0;
		};
		B5C8E62B1B5625A8006D7F18 /* Sources */ = {
			isa = PBXSourcesBuildPhase;
			buildActionMask = 2147483647;
			files = (
				B5C8E6361B5625A8006D7F18 /* AlcolatorTests.m in Sources */,
			);
			runOnlyForDeploymentPostprocessing = 0;
		};
/* End PBXSourcesBuildPhase section */

/* Begin PBXTargetDependency section */
		B5C8E6311B5625A8006D7F18 /* PBXTargetDependency */ = {
			isa = PBXTargetDependency;
			target = B5C8E6151B5625A8006D7F18 /* Alcolator */;
			targetProxy = B5C8E6301B5625A8006D7F18 /* PBXContainerItemProxy */;
		};
/* End PBXTargetDependency section */

/* Begin PBXVariantGroup section */
		B5C8E6231B5625A8006D7F18 /* Main.storyboard */ = {
			isa = PBXVariantGroup;
			children = (
				B5C8E6241B5625A8006D7F18 /* Base */,
			);
			name = Main.storyboard;
			sourceTree = "<group>";
		};
		B5C8E6281B5625A8006D7F18 /* LaunchScreen.xib */ = {
			isa = PBXVariantGroup;
			children = (
				B5C8E6291B5625A8006D7F18 /* Base */,
			);
			name = LaunchScreen.xib;
			sourceTree = "<group>";
		};
/* End PBXVariantGroup section */

/* Begin XCBuildConfiguration section */
		B5C8E6371B5625A8006D7F18 /* Debug */ = {
			isa = XCBuildConfiguration;
			buildSettings = {
				ALWAYS_SEARCH_USER_PATHS = NO;
				CLANG_CXX_LANGUAGE_STANDARD = "gnu++0x";
				CLANG_CXX_LIBRARY = "libc++";
				CLANG_ENABLE_MODULES = YES;
				CLANG_ENABLE_OBJC_ARC = YES;
				CLANG_WARN_BOOL_CONVERSION = YES;
				CLANG_WARN_CONSTANT_CONVERSION = YES;
				CLANG_WARN_DIRECT_OBJC_ISA_USAGE = YES_ERROR;
				CLANG_WARN_EMPTY_BODY = YES;
				CLANG_WARN_ENUM_CONVERSION = YES;
				CLANG_WARN_INT_CONVERSION = YES;
				CLANG_WARN_OBJC_ROOT_CLASS = YES_ERROR;
				CLANG_WARN_UNREACHABLE_CODE = YES;
				CLANG_WARN__DUPLICATE_METHOD_MATCH = YES;
				"CODE_SIGN_IDENTITY[sdk=iphoneos*]" = "iPhone Developer";
				COPY_PHASE_STRIP = NO;
				DEBUG_INFORMATION_FORMAT = "dwarf-with-dsym";
				ENABLE_STRICT_OBJC_MSGSEND = YES;
				ENABLE_TESTABILITY = YES;
				GCC_C_LANGUAGE_STANDARD = gnu99;
				GCC_DYNAMIC_NO_PIC = NO;
				GCC_NO_COMMON_BLOCKS = YES;
				GCC_OPTIMIZATION_LEVEL = 0;
				GCC_PREPROCESSOR_DEFINITIONS = (
					"DEBUG=1",
					"$(inherited)",
				);
				GCC_SYMBOLS_PRIVATE_EXTERN = NO;
				GCC_WARN_64_TO_32_BIT_CONVERSION = YES;
				GCC_WARN_ABOUT_RETURN_TYPE = YES_ERROR;
				GCC_WARN_UNDECLARED_SELECTOR = YES;
				GCC_WARN_UNINITIALIZED_AUTOS = YES_AGGRESSIVE;
				GCC_WARN_UNUSED_FUNCTION = YES;
				GCC_WARN_UNUSED_VARIABLE = YES;
				IPHONEOS_DEPLOYMENT_TARGET = 8.4;
				MTL_ENABLE_DEBUG_INFO = YES;
				ONLY_ACTIVE_ARCH = YES;
				SDKROOT = iphoneos;
				TARGETED_DEVICE_FAMILY = "1,2";
			};
			name = Debug;
		};
		B5C8E6381B5625A8006D7F18 /* Release */ = {
			isa = XCBuildConfiguration;
			buildSettings = {
				ALWAYS_SEARCH_USER_PATHS = NO;
				CLANG_CXX_LANGUAGE_STANDARD = "gnu++0x";
				CLANG_CXX_LIBRARY = "libc++";
				CLANG_ENABLE_MODULES = YES;
				CLANG_ENABLE_OBJC_ARC = YES;
				CLANG_WARN_BOOL_CONVERSION = YES;
				CLANG_WARN_CONSTANT_CONVERSION = YES;
				CLANG_WARN_DIRECT_OBJC_ISA_USAGE = YES_ERROR;
				CLANG_WARN_EMPTY_BODY = YES;
				CLANG_WARN_ENUM_CONVERSION = YES;
				CLANG_WARN_INT_CONVERSION = YES;
				CLANG_WARN_OBJC_ROOT_CLASS = YES_ERROR;
				CLANG_WARN_UNREACHABLE_CODE = YES;
				CLANG_WARN__DUPLICATE_METHOD_MATCH = YES;
				"CODE_SIGN_IDENTITY[sdk=iphoneos*]" = "iPhone Developer";
				COPY_PHASE_STRIP = NO;
				DEBUG_INFORMATION_FORMAT = "dwarf-with-dsym";
				ENABLE_NS_ASSERTIONS = NO;
				ENABLE_STRICT_OBJC_MSGSEND = YES;
				GCC_C_LANGUAGE_STANDARD = gnu99;
				GCC_NO_COMMON_BLOCKS = YES;
				GCC_WARN_64_TO_32_BIT_CONVERSION = YES;
				GCC_WARN_ABOUT_RETURN_TYPE = YES_ERROR;
				GCC_WARN_UNDECLARED_SELECTOR = YES;
				GCC_WARN_UNINITIALIZED_AUTOS = YES_AGGRESSIVE;
				GCC_WARN_UNUSED_FUNCTION = YES;
				GCC_WARN_UNUSED_VARIABLE = YES;
				IPHONEOS_DEPLOYMENT_TARGET = 8.4;
				MTL_ENABLE_DEBUG_INFO = NO;
				SDKROOT = iphoneos;
				TARGETED_DEVICE_FAMILY = "1,2";
				VALIDATE_PRODUCT = YES;
			};
			name = Release;
		};
		B5C8E63A1B5625A8006D7F18 /* Debug */ = {
			isa = XCBuildConfiguration;
			buildSettings = {
				ASSETCATALOG_COMPILER_APPICON_NAME = AppIcon;
				INFOPLIST_FILE = Alcolator/Info.plist;
				LD_RUNPATH_SEARCH_PATHS = "$(inherited) @executable_path/Frameworks";
				PRODUCT_BUNDLE_IDENTIFIER = "com.bensimmons.$(PRODUCT_NAME:rfc1034identifier)";
				PRODUCT_NAME = "$(TARGET_NAME)";
			};
			name = Debug;
		};
		B5C8E63B1B5625A8006D7F18 /* Release */ = {
			isa = XCBuildConfiguration;
			buildSettings = {
				ASSETCATALOG_COMPILER_APPICON_NAME = AppIcon;
				INFOPLIST_FILE = Alcolator/Info.plist;
				LD_RUNPATH_SEARCH_PATHS = "$(inherited) @executable_path/Frameworks";
				PRODUCT_BUNDLE_IDENTIFIER = "com.bensimmons.$(PRODUCT_NAME:rfc1034identifier)";
				PRODUCT_NAME = "$(TARGET_NAME)";
			};
			name = Release;
		};
		B5C8E63D1B5625A8006D7F18 /* Debug */ = {
			isa = XCBuildConfiguration;
			buildSettings = {
				BUNDLE_LOADER = "$(TEST_HOST)";
				FRAMEWORK_SEARCH_PATHS = (
					"$(SDKROOT)/Developer/Library/Frameworks",
					"$(inherited)",
				);
				GCC_PREPROCESSOR_DEFINITIONS = (
					"DEBUG=1",
					"$(inherited)",
				);
				INFOPLIST_FILE = AlcolatorTests/Info.plist;
				LD_RUNPATH_SEARCH_PATHS = "$(inherited) @executable_path/Frameworks @loader_path/Frameworks";
				PRODUCT_BUNDLE_IDENTIFIER = "com.bensimmons.$(PRODUCT_NAME:rfc1034identifier)";
				PRODUCT_NAME = "$(TARGET_NAME)";
				TEST_HOST = "$(BUILT_PRODUCTS_DIR)/Alcolator.app/Alcolator";
			};
			name = Debug;
		};
		B5C8E63E1B5625A8006D7F18 /* Release */ = {
			isa = XCBuildConfiguration;
			buildSettings = {
				BUNDLE_LOADER = "$(TEST_HOST)";
				FRAMEWORK_SEARCH_PATHS = (
					"$(SDKROOT)/Developer/Library/Frameworks",
					"$(inherited)",
				);
				INFOPLIST_FILE = AlcolatorTests/Info.plist;
				LD_RUNPATH_SEARCH_PATHS = "$(inherited) @executable_path/Frameworks @loader_path/Frameworks";
				PRODUCT_BUNDLE_IDENTIFIER = "com.bensimmons.$(PRODUCT_NAME:rfc1034identifier)";
				PRODUCT_NAME = "$(TARGET_NAME)";
				TEST_HOST = "$(BUILT_PRODUCTS_DIR)/Alcolator.app/Alcolator";
			};
			name = Release;
		};
/* End XCBuildConfiguration section */

/* Begin XCConfigurationList section */
		B5C8E6111B5625A8006D7F18 /* Build configuration list for PBXProject "Alcolator" */ = {
			isa = XCConfigurationList;
			buildConfigurations = (
				B5C8E6371B5625A8006D7F18 /* Debug */,
				B5C8E6381B5625A8006D7F18 /* Release */,
			);
			defaultConfigurationIsVisible = 0;
			defaultConfigurationName = Release;
		};
		B5C8E6391B5625A8006D7F18 /* Build configuration list for PBXNativeTarget "Alcolator" */ = {
			isa = XCConfigurationList;
			buildConfigurations = (
				B5C8E63A1B5625A8006D7F18 /* Debug */,
				B5C8E63B1B5625A8006D7F18 /* Release */,
			);
			defaultConfigurationIsVisible = 0;
			defaultConfigurationName = Release;
		};
		B5C8E63C1B5625A8006D7F18 /* Build configuration list for PBXNativeTarget "AlcolatorTests" */ = {
			isa = XCConfigurationList;
			buildConfigurations = (
				B5C8E63D1B5625A8006D7F18 /* Debug */,
				B5C8E63E1B5625A8006D7F18 /* Release */,
			);
			defaultConfigurationIsVisible = 0;
			defaultConfigurationName = Release;
		};
/* End XCConfigurationList section */
	};
	rootObject = B5C8E60E1B5625A8006D7F18 /* Project object */;
}
